{
  "name": "@sil/sil-parser",
  "version": "1.0.0",
  "lockfileVersion": 1,
  "requires": true,
  "dependencies": {
    "@babel/parser": {
      "version": "7.7.5",
      "resolved": "https://registry.npm.taobao.org/@babel/parser/download/@babel/parser-7.7.5.tgz?cache=0&sync_timestamp=1575638294460&other_urls=https%3A%2F%2Fregistry.npm.taobao.org%2F%40babel%2Fparser%2Fdownload%2F%40babel%2Fparser-7.7.5.tgz",
      "integrity": "sha1-y/RTIWGawS2DNj/PnJS7Z/pkbXE="
    },
    "amdefine": {
      "version": "1.0.1",
      "resolved": "https://registry.npm.taobao.org/amdefine/download/amdefine-1.0.1.tgz",
      "integrity": "sha1-SlKCrBZHKek2Gbz9OtFR+BfOkfU="
    },
    "babel-loader": {
      "version": "8.0.6",
      "resolved": "https://registry.npm.taobao.org/babel-loader/download/babel-loader-8.0.6.tgz",
      "integrity": "sha1-4zvbbzYrA/S7FBoMIauHxQG3Dfs=",
      "requires": {
        "find-cache-dir": "^2.0.0",
        "loader-utils": "^1.0.2",
        "mkdirp": "^0.5.1",
        "pify": "^4.0.1"
      }
    },
    "big.js": {
      "version": "5.2.2",
      "resolved": "https://registry.npm.taobao.org/big.js/download/big.js-5.2.2.tgz",
      "integrity": "sha1-ZfCvOC9Xi83HQr2cKB6cstd2gyg="
    },
    "commondir": {
      "version": "1.0.1",
      "resolved": "https://registry.npm.taobao.org/commondir/download/commondir-1.0.1.tgz",
      "integrity": "sha1-3dgA2gxmEnOTzKWVDqloo6rxJTs="
    },
    "emojis-list": {
      "version": "2.1.0",
      "resolved": "https://registry.npm.taobao.org/emojis-list/download/emojis-list-2.1.0.tgz",
      "integrity": "sha1-TapNnbAPmBmIDHn6RXrlsJof04k="
    },
    "escodegen": {
      "version": "0.0.28",
      "resolved": "https://registry.npm.taobao.org/escodegen/download/escodegen-0.0.28.tgz",
      "integrity": "sha1-Dk/xcV8yh3XWyrUaxEpAbNer/9M=",
      "requires": {
        "esprima": "~1.0.2",
        "estraverse": "~1.3.0",
        "source-map": ">= 0.1.2"
      }
    },
    "escope": {
      "version": "1.0.3",
      "resolved": "https://registry.npm.taobao.org/escope/download/escope-1.0.3.tgz",
      "integrity": "sha1-dZ3OhJbEJI/sLQyq9BCLzz8af10=",
      "requires": {
        "estraverse": "^2.0.0"
      },
      "dependencies": {
        "estraverse": {
          "version": "2.0.0",
          "resolved": "https://registry.npm.taobao.org/estraverse/download/estraverse-2.0.0.tgz",
          "integrity": "sha1-WuRpYyQ2ACBmdMyySgnhZnT83KE="
        }
      }
    },
    "esmangle": {
      "version": "0.0.17",
      "resolved": "https://registry.npm.taobao.org/esmangle/download/esmangle-0.0.17.tgz",
      "integrity": "sha1-TFyTYHzeXRJ2utOW6DYinbpo2Qw=",
      "requires": {
        "escodegen": "~ 0.0.28",
        "escope": "~ 1.0.0",
        "esprima": "~ 1.0.2",
        "esshorten": "~ 0.0.2",
        "estraverse": "~ 1.3.2",
        "optimist": "*",
        "source-map": "~ 0.1.8"
      }
    },
    "esprima": {
      "version": "1.0.4",
      "resolved": "https://registry.npm.taobao.org/esprima/download/esprima-1.0.4.tgz",
      "integrity": "sha1-n1V+CPw7TSbs6d00+Pv0drYlha0="
    },
    "esshorten": {
      "version": "0.0.2",
      "resolved": "https://registry.npm.taobao.org/esshorten/download/esshorten-0.0.2.tgz",
      "integrity": "sha1-KKZS8e/UDI4if4xt59vmtWDugSk=",
      "requires": {
        "escope": "~ 1.0.0",
        "estraverse": "~ 1.2.0"
      },
      "dependencies": {
        "estraverse": {
          "version": "1.2.0",
          "resolved": "https://registry.npm.taobao.org/estraverse/download/estraverse-1.2.0.tgz",
          "integrity": "sha1-aj3IpGpdZ2blZoY5/Hgpds5WYP0="
        }
      }
    },
    "estraverse": {
      "version": "1.3.2",
      "resolved": "https://registry.npm.taobao.org/estraverse/download/estraverse-1.3.2.tgz",
      "integrity": "sha1-N8K4k+8T1yPydth41g2FNRUqbEI="
    },
    "find-cache-dir": {
      "version": "2.1.0",
      "resolved": "https://registry.npm.taobao.org/find-cache-dir/download/find-cache-dir-2.1.0.tgz?cache=0&sync_timestamp=1573277838864&other_urls=https%3A%2F%2Fregistry.npm.taobao.org%2Ffind-cache-dir%2Fdownload%2Ffind-cache-dir-2.1.0.tgz",
      "integrity": "sha1-jQ+UzRP+Q8bHwmGg2GEVypGMBfc=",
      "requires": {
        "commondir": "^1.0.1",
        "make-dir": "^2.0.0",
        "pkg-dir": "^3.0.0"
      }
    },
    "find-up": {
      "version": "3.0.0",
      "resolved": "https://registry.npm.taobao.org/find-up/download/find-up-3.0.0.tgz?cache=0&other_urls=https%3A%2F%2Fregistry.npm.taobao.org%2Ffind-up%2Fdownload%2Ffind-up-3.0.0.tgz",
      "integrity": "sha1-SRafHXmTQwZG2mHsxa41XCHJe3M=",
      "requires": {
        "locate-path": "^3.0.0"
      }
    },
    "json5": {
      "version": "1.0.1",
      "resolved": "https://registry.npm.taobao.org/json5/download/json5-1.0.1.tgz",
      "integrity": "sha1-d5+wAYYE+oVOrL9iUhgNg1Q+Pb4=",
      "requires": {
        "minimist": "^1.2.0"
      }
    },
    "jsx": {
      "version": "0.9.89",
      "resolved": "https://registry.npm.taobao.org/jsx/download/jsx-0.9.89.tgz",
      "integrity": "sha1-xYlojcn/4EohH9tjPMfSAt14qSI=",
      "requires": {
        "escodegen": "~ 0.0.20",
        "esmangle": "~ 0.0.14",
        "esprima": "~ 1.0.2",
        "source-map": "~ 0.1.22",
        "source-map-support": "~ 0.2.1"
      }
    },
    "loader-utils": {
      "version": "1.2.3",
      "resolved": "https://registry.npm.taobao.org/loader-utils/download/loader-utils-1.2.3.tgz",
      "integrity": "sha1-H/XcaRHJ8KBiUxpMBLYJQGEIwsc=",
      "requires": {
        "big.js": "^5.2.2",
        "emojis-list": "^2.0.0",
        "json5": "^1.0.1"
      }
    },
    "locate-path": {
      "version": "3.0.0",
      "resolved": "https://registry.npm.taobao.org/locate-path/download/locate-path-3.0.0.tgz",
      "integrity": "sha1-2+w7OrdZdYBxtY/ln8QYca8hQA4=",
      "requires": {
        "p-locate": "^3.0.0",
        "path-exists": "^3.0.0"
      }
    },
    "make-dir": {
      "version": "2.1.0",
      "resolved": "https://registry.npm.taobao.org/make-dir/download/make-dir-2.1.0.tgz",
      "integrity": "sha1-XwMQ4YuL6JjMBwCSlaMK5B6R5vU=",
      "requires": {
        "pify": "^4.0.1",
        "semver": "^5.6.0"
      }
    },
    "minimist": {
      "version": "1.2.0",
      "resolved": "https://registry.npm.taobao.org/minimist/download/minimist-1.2.0.tgz",
      "integrity": "sha1-o1AIsg9BOD7sH7kU9M1d95omQoQ="
    },
    "mkdirp": {
      "version": "0.5.1",
      "resolved": "https://registry.npm.taobao.org/mkdirp/download/mkdirp-0.5.1.tgz",
      "integrity": "sha1-MAV0OOrGz3+MR2fzhkjWaX11yQM=",
      "requires": {
        "minimist": "0.0.8"
      },
      "dependencies": {
        "minimist": {
          "version": "0.0.8",
          "resolved": "https://registry.npm.taobao.org/minimist/download/minimist-0.0.8.tgz",
          "integrity": "sha1-hX/Kv8M5fSYluCKCYuhqp6ARsF0="
        }
      }
    },
    "optimist": {
      "version": "0.6.1",
      "resolved": "https://registry.npm.taobao.org/optimist/download/optimist-0.6.1.tgz",
      "integrity": "sha1-2j6nRob6IaGaERwybpDrFaAZZoY=",
      "requires": {
        "minimist": "~0.0.1",
        "wordwrap": "~0.0.2"
      },
      "dependencies": {
        "minimist": {
          "version": "0.0.10",
          "resolved": "https://registry.npm.taobao.org/minimist/download/minimist-0.0.10.tgz",
          "integrity": "sha1-3j+YVD2/lggr5IrRoMfNqDYwHc8="
        }
      }
    },
    "p-limit": {
      "version": "2.2.1",
      "resolved": "https://registry.npm.taobao.org/p-limit/download/p-limit-2.2.1.tgz?cache=0&other_urls=https%3A%2F%2Fregistry.npm.taobao.org%2Fp-limit%2Fdownload%2Fp-limit-2.2.1.tgz",
      "integrity": "sha1-qgeniMwxUck5tRMfY1cPDdIAlTc=",
      "requires": {
        "p-try": "^2.0.0"
      }
    },
    "p-locate": {
      "version": "3.0.0",
      "resolved": "https://registry.npm.taobao.org/p-locate/download/p-locate-3.0.0.tgz",
      "integrity": "sha1-Mi1poFwCZLJZl9n0DNiokasAZKQ=",
      "requires": {
        "p-limit": "^2.0.0"
      }
    },
    "p-try": {
      "version": "2.2.0",
      "resolved": "https://registry.npm.taobao.org/p-try/download/p-try-2.2.0.tgz",
      "integrity": "sha1-yyhoVA4xPWHeWPr741zpAE1VQOY="
    },
    "path-exists": {
      "version": "3.0.0",
      "resolved": "https://registry.npm.taobao.org/path-exists/download/path-exists-3.0.0.tgz",
      "integrity": "sha1-zg6+ql94yxiSXqfYENe1mwEP1RU="
    },
    "pify": {
      "version": "4.0.1",
      "resolved": "https://registry.npm.taobao.org/pify/download/pify-4.0.1.tgz",
      "integrity": "sha1-SyzSXFDVmHNcUCkiJP2MbfQeMjE="
    },
    "pkg-dir": {
      "version": "3.0.0",
      "resolved": "https://registry.npm.taobao.org/pkg-dir/download/pkg-dir-3.0.0.tgz",
      "integrity": "sha1-J0kCDyOe2ZCIGx9xIQ1R62UjvqM=",
      "requires": {
        "find-up": "^3.0.0"
      }
    },
    "semver": {
      "version": "5.7.1",
      "resolved": "https://registry.npm.taobao.org/semver/download/semver-5.7.1.tgz?cache=0&sync_timestamp=1565627362346&other_urls=https%3A%2F%2Fregistry.npm.taobao.org%2Fsemver%2Fdownload%2Fsemver-5.7.1.tgz",
      "integrity": "sha1-qVT5Ma66UI0we78Gnv8MAclhFvc="
    },
    "source-map": {
      "version": "0.1.43",
      "resolved": "https://registry.npm.taobao.org/source-map/download/source-map-0.1.43.tgz",
      "integrity": "sha1-wkvBRspRfBRx9drL4lcbK3+eM0Y=",
      "requires": {
        "amdefine": ">=0.0.4"
      }
    },
    "source-map-support": {
      "version": "0.2.10",
      "resolved": "https://registry.npm.taobao.org/source-map-support/download/source-map-support-0.2.10.tgz",
      "integrity": "sha1-6lo5AKHByyUJagrozFwrSxDe09w=",
      "requires": {
        "source-map": "0.1.32"
      },
      "dependencies": {
        "source-map": {
          "version": "0.1.32",
          "resolved": "https://registry.npm.taobao.org/source-map/download/source-map-0.1.32.tgz",
          "integrity": "sha1-yLbBZ3l7pHQKjqMyUhYv8IWRsmY=",
          "requires": {
            "amdefine": ">=0.0.4"
          }
        }
      }
    },
    "wordwrap": {
      "version": "0.0.3",
      "resolved": "https://registry.npm.taobao.org/wordwrap/download/wordwrap-0.0.3.tgz",
      "integrity": "sha1-o9XabNXAvAAI03I0u68b7WMFkQc="
    }
  }
}
